
Microsoft Visual Studio Solution File, Format Version 12.00
# Visual Studio Version 17
VisualStudioVersion = 17.5.33502.453
MinimumVisualStudioVersion = 10.0.40219.1
Project("{FAE04EC0-301F-11D3-BF4B-00C04F79EFBC}") = "CASINO", "CASINO\CASINO.csproj", "{06ADE66D-B80B-4282-8F6E-5F2D458496A5}"
EndProject
Global
	GlobalSection(SolutionConfigurationPlatforms) = preSolution
		Debug|Any CPU = Debug|Any CPU
		Release|Any CPU = Release|Any CPU
	EndGlobalSection
	GlobalSection(ProjectConfigurationPlatforms) = postSolution
		{06ADE66D-B80B-4282-8F6E-5F2D458496A5}.Debug|Any CPU.ActiveCfg = Debug|Any CPU
		{06ADE66D-B80B-4282-8F6E-5F2D458496A5}.Debug|Any CPU.Build.0 = Debug|Any CPU
		{06ADE66D-B80B-4282-8F6E-5F2D458496A5}.Release|Any CPU.ActiveCfg = Release|Any CPU
		{06ADE66D-B80B-4282-8F6E-5F2D458496A5}.Release|Any CPU.Build.0 = Release|Any CPU
	EndGlobalSection
	GlobalSection(SolutionProperties) = preSolution
		HideSolutionNode = FALSE
	EndGlobalSection
	GlobalSection(ExtensibilityGlobals) = postSolution
		SolutionGuid = {90CABCEF-1A88-4140-A60D-D885FA24EE53}
	EndGlobalSection
EndGlobal
